
Microsoft Visual Studio Solution File, Format Version 12.00
# Visual Studio Version 16
VisualStudioVersion = 16.0.30717.126
MinimumVisualStudioVersion = 10.0.40219.1
Project("{FAE04EC0-301F-11D3-BF4B-00C04F79EFBC}") = "OtpApp", "OtpApp.csproj", "{138FC283-AF10-4DE1-9925-9FB5D0685D89}"
EndProject
Global
	GlobalSection(SolutionConfigurationPlatforms) = preSolution
		Debug|Any CPU = Debug|Any CPU
		Release|Any CPU = Release|Any CPU
	EndGlobalSection
	GlobalSection(ProjectConfigurationPlatforms) = postSolution
		{138FC283-AF10-4DE1-9925-9FB5D0685D89}.Debug|Any CPU.ActiveCfg = Debug|Any CPU
		{138FC283-AF10-4DE1-9925-9FB5D0685D89}.Debug|Any CPU.Build.0 = Debug|Any CPU
		{138FC283-AF10-4DE1-9925-9FB5D0685D89}.Release|Any CPU.ActiveCfg = Release|Any CPU
		{138FC283-AF10-4DE1-9925-9FB5D0685D89}.Release|Any CPU.Build.0 = Release|Any CPU
	EndGlobalSection
	GlobalSection(SolutionProperties) = preSolution
		HideSolutionNode = FALSE
	EndGlobalSection
	GlobalSection(ExtensibilityGlobals) = postSolution
		SolutionGuid = {4B507E6A-3E57-4B84-9DF0-4850DA684769}
	EndGlobalSection
EndGlobal
